
Microsoft Visual Studio Solution File, Format Version 12.00
# Visual Studio Version 17
VisualStudioVersion = 17.14.36121.58 d17.14
MinimumVisualStudioVersion = 10.0.40219.1
Project("{FAE04EC0-301F-11D3-BF4B-00C04F79EFBC}") = "Ejercicio 2 Las niñas", "Ejercicio 2 Las niñas\Ejercicio 2 Las niñas.csproj", "{D7992B9F-CBF8-4818-8B69-F0970AB2736B}"
EndProject
Global
	GlobalSection(SolutionConfigurationPlatforms) = preSolution
		Debug|Any CPU = Debug|Any CPU
		Release|Any CPU = Release|Any CPU
	EndGlobalSection
	GlobalSection(ProjectConfigurationPlatforms) = postSolution
		{D7992B9F-CBF8-4818-8B69-F0970AB2736B}.Debug|Any CPU.ActiveCfg = Debug|Any CPU
		{D7992B9F-CBF8-4818-8B69-F0970AB2736B}.Debug|Any CPU.Build.0 = Debug|Any CPU
		{D7992B9F-CBF8-4818-8B69-F0970AB2736B}.Release|Any CPU.ActiveCfg = Release|Any CPU
		{D7992B9F-CBF8-4818-8B69-F0970AB2736B}.Release|Any CPU.Build.0 = Release|Any CPU
	EndGlobalSection
	GlobalSection(SolutionProperties) = preSolution
		HideSolutionNode = FALSE
	EndGlobalSection
	GlobalSection(ExtensibilityGlobals) = postSolution
		SolutionGuid = {5594688B-4AFD-4236-859D-56C95C7789F8}
	EndGlobalSection
EndGlobal
