
Microsoft Visual Studio Solution File, Format Version 12.00
# Visual Studio Version 17
VisualStudioVersion = 17.14.36121.58 d17.14
MinimumVisualStudioVersion = 10.0.40219.1
Project("{FAE04EC0-301F-11D3-BF4B-00C04F79EFBC}") = "Ejercicio 3 Lista Ordenada", "Ejercicio 3 Lista Ordenada\Ejercicio 3 Lista Ordenada.csproj", "{16030E3C-9703-4AD8-A8AD-54209D7B5DD1}"
EndProject
Global
	GlobalSection(SolutionConfigurationPlatforms) = preSolution
		Debug|Any CPU = Debug|Any CPU
		Release|Any CPU = Release|Any CPU
	EndGlobalSection
	GlobalSection(ProjectConfigurationPlatforms) = postSolution
		{16030E3C-9703-4AD8-A8AD-54209D7B5DD1}.Debug|Any CPU.ActiveCfg = Debug|Any CPU
		{16030E3C-9703-4AD8-A8AD-54209D7B5DD1}.Debug|Any CPU.Build.0 = Debug|Any CPU
		{16030E3C-9703-4AD8-A8AD-54209D7B5DD1}.Release|Any CPU.ActiveCfg = Release|Any CPU
		{16030E3C-9703-4AD8-A8AD-54209D7B5DD1}.Release|Any CPU.Build.0 = Release|Any CPU
	EndGlobalSection
	GlobalSection(SolutionProperties) = preSolution
		HideSolutionNode = FALSE
	EndGlobalSection
	GlobalSection(ExtensibilityGlobals) = postSolution
		SolutionGuid = {D01424E4-99F7-4B10-A5E4-B1627DF50BC9}
	EndGlobalSection
EndGlobal
